{
  "name": "ppropanel",
  "version": "0.0.1",
  "lockfileVersion": 3,
  "requires": true,
  "packages": {
    "": {
      "name": "ppropanel",
      "version": "0.0.1",
      "license": "Custom",
      "dependencies": {
        "uglify-js": "^3.19.3"
      },
      "devDependencies": {
        "@types/node": "^0.12.4",
        "typescript": "^2.3.3"
      }
    },
    "node_modules/@types/node": {
      "version": "0.12.25",
      "resolved": "https://registry.npmjs.org/@types/node/-/node-0.12.25.tgz",
      "integrity": "sha512-I3ZhY/jd/FM4srzGAclop7EphBc+ti6m3ZMIWU8vfXfHPq/pPEZQ7PuedaeZe2DPdwKjnMljpHsaXR74Wkei/g==",
      "dev": true
    },
    "node_modules/typescript": {
      "version": "2.9.2",
      "resolved": "https://registry.npmjs.org/typescript/-/typescript-2.9.2.tgz",
      "integrity": "sha512-Gr4p6nFNaoufRIY4NMdpQRNmgxVIGMs4Fcu/ujdYk3nAZqk7supzBE9idmvfZIlH/Cuj//dvi+019qEue9lV0w==",
      "dev": true,
      "bin": {
        "tsc": "bin/tsc",
        "tsserver": "bin/tsserver"
      },
      "engines": {
        "node": ">=4.2.0"
      }
    },
    "node_modules/uglify-js": {
      "version": "3.19.3",
      "resolved": "https://registry.npmjs.org/uglify-js/-/uglify-js-3.19.3.tgz",
      "integrity": "sha512-v3Xu+yuwBXisp6QYTcH4UbH+xYJXqnq2m/LtQVWKWzYc1iehYnLixoQDN9FH6/j9/oybfd6W9Ghwkl8+UMKTKQ==",
      "bin": {
        "uglifyjs": "bin/uglifyjs"
      },
      "engines": {
        "node": ">=0.8.0"
      }
    }
  }
}
