# THIS IS AN AUTOGENERATED FILE. DO NOT EDIT THIS FILE DIRECTLY.
# yarn lockfile v1


"@types/node@^0.12.4":
  version "0.12.25"
  resolved "https://registry.yarnpkg.com/@types/node/-/node-0.12.25.tgz#89fea706df45aff66d183866211d67d04e89fd94"
  integrity sha512-I3ZhY/jd/FM4srzGAclop7EphBc+ti6m3ZMIWU8vfXfHPq/pPEZQ7PuedaeZe2DPdwKjnMljpHsaXR74Wkei/g==

typescript@^2.3.3:
  version "2.9.2"
  resolved "https://registry.yarnpkg.com/typescript/-/typescript-2.9.2.tgz#1cbf61d05d6b96269244eb6a3bce4bd914e0f00c"
  integrity sha512-Gr4p6nFNaoufRIY4NMdpQRNmgxVIGMs4Fcu/ujdYk3nAZqk7supzBE9idmvfZIlH/Cuj//dvi+019qEue9lV0w==

uglify-js@^3.19.3:
  version "3.19.3"
  resolved "https://registry.yarnpkg.com/uglify-js/-/uglify-js-3.19.3.tgz#82315e9bbc6f2b25888858acd1fff8441035b77f"
  integrity sha512-v3Xu+yuwBXisp6QYTcH4UbH+xYJXqnq2m/LtQVWKWzYc1iehYnLixoQDN9FH6/j9/oybfd6W9Ghwkl8+UMKTKQ==
